Microsoft Visual Studio Solution File, Format Version 12.00
# Visual Studio 2013
VisualStudioVersion = 12.0.21005.1
MinimumVisualStudioVersion = 10.0.40219.1
Project("{FAE04EC0-301F-11D3-BF4B-00C04F79EFBC}") = "Perfil", "Perfil.csproj", "{27F92AAC-4D5E-4F1B-874E-8A9C559DB26B}"
EndProject
Global
	GlobalSection(SolutionConfigurationPlatforms) = preSolution
		Debug|Any CPU = Debug|Any CPU
		Release|Any CPU = Release|Any CPU
	EndGlobalSection
	GlobalSection(ProjectConfigurationPlatforms) = postSolution
		{27F92AAC-4D5E-4F1B-874E-8A9C559DB26B}.Debug|Any CPU.ActiveCfg = Debug|Any CPU
		{27F92AAC-4D5E-4F1B-874E-8A9C559DB26B}.Debug|Any CPU.Build.0 = Debug|Any CPU
		{27F92AAC-4D5E-4F1B-874E-8A9C559DB26B}.Release|Any CPU.ActiveCfg = Release|Any CPU
		{27F92AAC-4D5E-4F1B-874E-8A9C559DB26B}.Release|Any CPU.Build.0 = Release|Any CPU
	EndGlobalSection
	GlobalSection(SolutionProperties) = preSolution
		HideSolutionNode = FALSE
	EndGlobalSection
EndGlobal
